
Microsoft Visual Studio Solution File, Format Version 12.00
# Visual Studio Version 16
VisualStudioVersion = 16.0.31205.134
MinimumVisualStudioVersion = 10.0.40219.1
Project("{FAE04EC0-301F-11D3-BF4B-00C04F79EFBC}") = "CleanArchitecture_DotNet5", "CleanArchitecture_DotNet5\CleanArchitecture_DotNet5.csproj", "{9D773EDB-51CB-429E-8E6F-182E911A74E2}"
EndProject
Project("{2150E333-8FDC-42A3-9474-1A3956D46DE8}") = "Src", "Src", "{29EA493E-E3E7-4C1B-8879-DBEB1F71920B}"
EndProject
Project("{FAE04EC0-301F-11D3-BF4B-00C04F79EFBC}") = "Domain", "Domain\Domain.csproj", "{C267C946-C4D5-4EDB-9B2B-00FED6B365EE}"
EndProject
Global
	GlobalSection(SolutionConfigurationPlatforms) = preSolution
		Debug|Any CPU = Debug|Any CPU
		Release|Any CPU = Release|Any CPU
	EndGlobalSection
	GlobalSection(ProjectConfigurationPlatforms) = postSolution
		{9D773EDB-51CB-429E-8E6F-182E911A74E2}.Debug|Any CPU.ActiveCfg = Debug|Any CPU
		{9D773EDB-51CB-429E-8E6F-182E911A74E2}.Debug|Any CPU.Build.0 = Debug|Any CPU
		{9D773EDB-51CB-429E-8E6F-182E911A74E2}.Release|Any CPU.ActiveCfg = Release|Any CPU
		{9D773EDB-51CB-429E-8E6F-182E911A74E2}.Release|Any CPU.Build.0 = Release|Any CPU
		{C267C946-C4D5-4EDB-9B2B-00FED6B365EE}.Debug|Any CPU.ActiveCfg = Debug|Any CPU
		{C267C946-C4D5-4EDB-9B2B-00FED6B365EE}.Debug|Any CPU.Build.0 = Debug|Any CPU
		{C267C946-C4D5-4EDB-9B2B-00FED6B365EE}.Release|Any CPU.ActiveCfg = Release|Any CPU
		{C267C946-C4D5-4EDB-9B2B-00FED6B365EE}.Release|Any CPU.Build.0 = Release|Any CPU
	EndGlobalSection
	GlobalSection(SolutionProperties) = preSolution
		HideSolutionNode = FALSE
	EndGlobalSection
	GlobalSection(NestedProjects) = preSolution
		{9D773EDB-51CB-429E-8E6F-182E911A74E2} = {29EA493E-E3E7-4C1B-8879-DBEB1F71920B}
		{C267C946-C4D5-4EDB-9B2B-00FED6B365EE} = {29EA493E-E3E7-4C1B-8879-DBEB1F71920B}
	EndGlobalSection
	GlobalSection(ExtensibilityGlobals) = postSolution
		SolutionGuid = {B5D74A90-254D-4B06-994E-609F67FDBB0B}
	EndGlobalSection
EndGlobal
